
Microsoft Visual Studio Solution File, Format Version 12.00
# Visual Studio Version 17
VisualStudioVersion = 17.6.33723.286
MinimumVisualStudioVersion = 10.0.40219.1
Project("{FAE04EC0-301F-11D3-BF4B-00C04F79EFBC}") = "ProgPartOne", "ProgPartOne\ProgPartOne.csproj", "{6096156F-D22E-4E30-AF0B-6694D4875044}"
EndProject
Global
	GlobalSection(SolutionConfigurationPlatforms) = preSolution
		Debug|Any CPU = Debug|Any CPU
		Release|Any CPU = Release|Any CPU
	EndGlobalSection
	GlobalSection(ProjectConfigurationPlatforms) = postSolution
		{6096156F-D22E-4E30-AF0B-6694D4875044}.Debug|Any CPU.ActiveCfg = Debug|Any CPU
		{6096156F-D22E-4E30-AF0B-6694D4875044}.Debug|Any CPU.Build.0 = Debug|Any CPU
		{6096156F-D22E-4E30-AF0B-6694D4875044}.Release|Any CPU.ActiveCfg = Release|Any CPU
		{6096156F-D22E-4E30-AF0B-6694D4875044}.Release|Any CPU.Build.0 = Release|Any CPU
	EndGlobalSection
	GlobalSection(SolutionProperties) = preSolution
		HideSolutionNode = FALSE
	EndGlobalSection
	GlobalSection(ExtensibilityGlobals) = postSolution
		SolutionGuid = {99C65E73-9ECC-4AF0-993D-54B1ED44CA10}
	EndGlobalSection
EndGlobal
